// !$*UTF8*$!
{
	archiveVersion = 1;
	classes = {
	};
	objectVersion = 55;
	objects = {

/* Begin PBXBuildFile section */
		045464652796D419000B5F5F /* GoogleService-Info.plist in Resources */ = {isa = PBXBuildFile; fileRef = 045464642796D419000B5F5F /* GoogleService-Info.plist */; };
		045464682796E390000B5F5F /* SignInViewController.swift in Sources */ = {isa = PBXBuildFile; fileRef = 045464672796E390000B5F5F /* SignInViewController.swift */; };
		0454646A2796E3A2000B5F5F /* SignUpViewController.swift in Sources */ = {isa = PBXBuildFile; fileRef = 045464692796E3A2000B5F5F /* SignUpViewController.swift */; };
		0454646E2796E906000B5F5F /* AuthManager.swift in Sources */ = {isa = PBXBuildFile; fileRef = 0454646D2796E906000B5F5F /* AuthManager.swift */; };
		045464702796E917000B5F5F /* StorageManager.swift in Sources */ = {isa = PBXBuildFile; fileRef = 0454646F2796E917000B5F5F /* StorageManager.swift */; };
		045464722796E925000B5F5F /* FirestoreManager.swift in Sources */ = {isa = PBXBuildFile; fileRef = 045464712796E925000B5F5F /* FirestoreManager.swift */; };
		045464742796E935000B5F5F /* DatabaseManager.swift in Sources */ = {isa = PBXBuildFile; fileRef = 045464732796E935000B5F5F /* DatabaseManager.swift */; };
		045464762796EE31000B5F5F /* TabBarViewController.swift in Sources */ = {isa = PBXBuildFile; fileRef = 045464752796EE31000B5F5F /* TabBarViewController.swift */; };
		045464782796EF38000B5F5F /* ProjectsViewController.swift in Sources */ = {isa = PBXBuildFile; fileRef = 045464772796EF38000B5F5F /* ProjectsViewController.swift */; };
		0454647A2796F792000B5F5F /* NewProjectViewController.swift in Sources */ = {isa = PBXBuildFile; fileRef = 045464792796F792000B5F5F /* NewProjectViewController.swift */; };
		04D4268F2796B9F2006F6E22 /* AppDelegate.swift in Sources */ = {isa = PBXBuildFile; fileRef = 04D4268E2796B9F2006F6E22 /* AppDelegate.swift */; };
		04D426912796B9F2006F6E22 /* SceneDelegate.swift in Sources */ = {isa = PBXBuildFile; fileRef = 04D426902796B9F2006F6E22 /* SceneDelegate.swift */; };
		04D426932796B9F2006F6E22 /* HomeViewController.swift in Sources */ = {isa = PBXBuildFile; fileRef = 04D426922796B9F2006F6E22 /* HomeViewController.swift */; };
		04D426982796B9F3006F6E22 /* Assets.xcassets in Resources */ = {isa = PBXBuildFile; fileRef = 04D426972796B9F3006F6E22 /* Assets.xcassets */; };
		04D4269B2796B9F3006F6E22 /* LaunchScreen.storyboard in Resources */ = {isa = PBXBuildFile; fileRef = 04D426992796B9F3006F6E22 /* LaunchScreen.storyboard */; };
		D073BA273DBF38BA2D510852 /* Pods_PivotControlCenterApp.framework in Frameworks */ = {isa = PBXBuildFile; fileRef = CD1CAC84C06743D86BDC0B55 /* Pods_PivotControlCenterApp.framework */; };
/* End PBXBuildFile section */

/* Begin PBXFileReference section */
		045464642796D419000B5F5F /* GoogleService-Info.plist */ = {isa = PBXFileReference; fileEncoding = 4; lastKnownFileType = text.plist.xml; name = "GoogleService-Info.plist"; path = "../../../../../Downloads/GoogleService-Info.plist"; sourceTree = "<group>"; };
		045464672796E390000B5F5F /* SignInViewController.swift */ = {isa = PBXFileReference; lastKnownFileType = sourcecode.swift; path = SignInViewController.swift; sourceTree = "<group>"; };
		045464692796E3A2000B5F5F /* SignUpViewController.swift */ = {isa = PBXFileReference; lastKnownFileType = sourcecode.swift; path = SignUpViewController.swift; sourceTree = "<group>"; };
		0454646D2796E906000B5F5F /* AuthManager.swift */ = {isa = PBXFileReference; lastKnownFileType = sourcecode.swift; path = AuthManager.swift; sourceTree = "<group>"; };
		0454646F2796E917000B5F5F /* StorageManager.swift */ = {isa = PBXFileReference; lastKnownFileType = sourcecode.swift; path = StorageManager.swift; sourceTree = "<group>"; };
		045464712796E925000B5F5F /* FirestoreManager.swift */ = {isa = PBXFileReference; lastKnownFileType = sourcecode.swift; path = FirestoreManager.swift; sourceTree = "<group>"; };
		045464732796E935000B5F5F /* DatabaseManager.swift */ = {isa = PBXFileReference; lastKnownFileType = sourcecode.swift; path = DatabaseManager.swift; sourceTree = "<group>"; };
		045464752796EE31000B5F5F /* TabBarViewController.swift */ = {isa = PBXFileReference; lastKnownFileType = sourcecode.swift; path = TabBarViewController.swift; sourceTree = "<group>"; };
		045464772796EF38000B5F5F /* ProjectsViewController.swift */ = {isa = PBXFileReference; lastKnownFileType = sourcecode.swift; path = ProjectsViewController.swift; sourceTree = "<group>"; };
		045464792796F792000B5F5F /* NewProjectViewController.swift */ = {isa = PBXFileReference; lastKnownFileType = sourcecode.swift; path = NewProjectViewController.swift; sourceTree = "<group>"; };
		04D4268B2796B9F2006F6E22 /* PivotControlCenterApp.app */ = {isa = PBXFileReference; explicitFileType = wrapper.application; includeInIndex = 0; path = PivotControlCenterApp.app; sourceTree = BUILT_PRODUCTS_DIR; };
		04D4268E2796B9F2006F6E22 /* AppDelegate.swift */ = {isa = PBXFileReference; lastKnownFileType = sourcecode.swift; path = AppDelegate.swift; sourceTree = "<group>"; };
		04D426902796B9F2006F6E22 /* SceneDelegate.swift */ = {isa = PBXFileReference; lastKnownFileType = sourcecode.swift; path = SceneDelegate.swift; sourceTree = "<group>"; };
		04D426922796B9F2006F6E22 /* HomeViewController.swift */ = {isa = PBXFileReference; lastKnownFileType = sourcecode.swift; path = HomeViewController.swift; sourceTree = "<group>"; };
		04D426972796B9F3006F6E22 /* Assets.xcassets */ = {isa = PBXFileReference; lastKnownFileType = folder.assetcatalog; path = Assets.xcassets; sourceTree = "<group>"; };
		04D4269A2796B9F3006F6E22 /* Base */ = {isa = PBXFileReference; lastKnownFileType = file.storyboard; name = Base; path = Base.lproj/LaunchScreen.storyboard; sourceTree = "<group>"; };
		04D4269C2796B9F3006F6E22 /* Info.plist */ = {isa = PBXFileReference; lastKnownFileType = text.plist.xml; path = Info.plist; sourceTree = "<group>"; };
		12983CF9DA5FC51E9701E8E6 /* Pods-PivotControlCenterApp.debug.xcconfig */ = {isa = PBXFileReference; includeInIndex = 1; lastKnownFileType = text.xcconfig; name = "Pods-PivotControlCenterApp.debug.xcconfig"; path = "Target Support Files/Pods-PivotControlCenterApp/Pods-PivotControlCenterApp.debug.xcconfig"; sourceTree = "<group>"; };
		CD1CAC84C06743D86BDC0B55 /* Pods_PivotControlCenterApp.framework */ = {isa = PBXFileReference; explicitFileType = wrapper.framework; includeInIndex = 0; path = Pods_PivotControlCenterApp.framework; sourceTree = BUILT_PRODUCTS_DIR; };
		E9D1BF16835BA07B81188CAC /* Pods-PivotControlCenterApp.release.xcconfig */ = {isa = PBXFileReference; includeInIndex = 1; lastKnownFileType = text.xcconfig; name = "Pods-PivotControlCenterApp.release.xcconfig"; path = "Target Support Files/Pods-PivotControlCenterApp/Pods-PivotControlCenterApp.release.xcconfig"; sourceTree = "<group>"; };
/* End PBXFileReference section */

/* Begin PBXFrameworksBuildPhase section */
		04D426882796B9F2006F6E22 /* Frameworks */ = {
			isa = PBXFrameworksBuildPhase;
			buildActionMask = 2147483647;
			files = (
				D073BA273DBF38BA2D510852 /* Pods_PivotControlCenterApp.framework in Frameworks */,
			);
			runOnlyForDeploymentPostprocessing = 0;
		};
/* End PBXFrameworksBuildPhase section */

/* Begin PBXGroup section */
		0454645E2796CCB7000B5F5F /* Controller */ = {
			isa = PBXGroup;
			children = (
				045464662796E362000B5F5F /* Auth */,
				0454646B2796E3AB000B5F5F /* Core */,
			);
			path = Controller;
			sourceTree = "<group>";
		};
		0454645F2796CCC4000B5F5F /* Model */ = {
			isa = PBXGroup;
			children = (
			);
			path = Model;
			sourceTree = "<group>";
		};
		045464612796CCD7000B5F5F /* Views */ = {
			isa = PBXGroup;
			children = (
				04D426992796B9F3006F6E22 /* LaunchScreen.storyboard */,
			);
			path = Views;
			sourceTree = "<group>";
		};
		045464632796CCE8000B5F5F /* Resources */ = {
			isa = PBXGroup;
			children = (
				04D426972796B9F3006F6E22 /* Assets.xcassets */,
				04D4268E2796B9F2006F6E22 /* AppDelegate.swift */,
				04D426902796B9F2006F6E22 /* SceneDelegate.swift */,
				045464642796D419000B5F5F /* GoogleService-Info.plist */,
				04D4269C2796B9F3006F6E22 /* Info.plist */,
			);
			path = Resources;
			sourceTree = "<group>";
		};
		045464662796E362000B5F5F /* Auth */ = {
			isa = PBXGroup;
			children = (
				045464672796E390000B5F5F /* SignInViewController.swift */,
				045464692796E3A2000B5F5F /* SignUpViewController.swift */,
			);
			path = Auth;
			sourceTree = "<group>";
		};
		0454646B2796E3AB000B5F5F /* Core */ = {
			isa = PBXGroup;
			children = (
				045464752796EE31000B5F5F /* TabBarViewController.swift */,
				045464792796F792000B5F5F /* NewProjectViewController.swift */,
				04D426922796B9F2006F6E22 /* HomeViewController.swift */,
				045464772796EF38000B5F5F /* ProjectsViewController.swift */,
			);
			path = Core;
			sourceTree = "<group>";
		};
		0454646C2796E3DD000B5F5F /* Managers */ = {
			isa = PBXGroup;
			children = (
				0454646D2796E906000B5F5F /* AuthManager.swift */,
				045464732796E935000B5F5F /* DatabaseManager.swift */,
				045464712796E925000B5F5F /* FirestoreManager.swift */,
				0454646F2796E917000B5F5F /* StorageManager.swift */,
			);
			path = Managers;
			sourceTree = "<group>";
		};
		04D426822796B9F2006F6E22 = {
			isa = PBXGroup;
			children = (
				04D4268D2796B9F2006F6E22 /* PivotControlCenterApp */,
				04D4268C2796B9F2006F6E22 /* Products */,
				49A51A186D110A862D28A825 /* Pods */,
				0BD4B9B50C1F9FA19E696822 /* Frameworks */,
			);
			sourceTree = "<group>";
		};
		04D4268C2796B9F2006F6E22 /* Products */ = {
			isa = PBXGroup;
			children = (
				04D4268B2796B9F2006F6E22 /* PivotControlCenterApp.app */,
			);
			name = Products;
			sourceTree = "<group>";
		};
		04D4268D2796B9F2006F6E22 /* PivotControlCenterApp */ = {
			isa = PBXGroup;
			children = (
				0454646C2796E3DD000B5F5F /* Managers */,
				045464632796CCE8000B5F5F /* Resources */,
				0454645F2796CCC4000B5F5F /* Model */,
				045464612796CCD7000B5F5F /* Views */,
				0454645E2796CCB7000B5F5F /* Controller */,
			);
			path = PivotControlCenterApp;
			sourceTree = "<group>";
		};
		0BD4B9B50C1F9FA19E696822 /* Frameworks */ = {
			isa = PBXGroup;
			children = (
				CD1CAC84C06743D86BDC0B55 /* Pods_PivotControlCenterApp.framework */,
			);
			name = Frameworks;
			sourceTree = "<group>";
		};
		49A51A186D110A862D28A825 /* Pods */ = {
			isa = PBXGroup;
			children = (
				12983CF9DA5FC51E9701E8E6 /* Pods-PivotControlCenterApp.debug.xcconfig */,
				E9D1BF16835BA07B81188CAC /* Pods-PivotControlCenterApp.release.xcconfig */,
			);
			path = Pods;
			sourceTree = "<group>";
		};
/* End PBXGroup section */

/* Begin PBXNativeTarget section */
		04D4268A2796B9F2006F6E22 /* PivotControlCenterApp */ = {
			isa = PBXNativeTarget;
			buildConfigurationList = 04D4269F2796B9F3006F6E22 /* Build configuration list for PBXNativeTarget "PivotControlCenterApp" */;
			buildPhases = (
				AD109427CE5956EFF941AF2F /* [CP] Check Pods Manifest.lock */,
				04D426872796B9F2006F6E22 /* Sources */,
				04D426882796B9F2006F6E22 /* Frameworks */,
				04D426892796B9F2006F6E22 /* Resources */,
				FB304EA6D6E1D9AEF483FC24 /* [CP] Embed Pods Frameworks */,
			);
			buildRules = (
			);
			dependencies = (
			);
			name = PivotControlCenterApp;
			productName = PivotControlCenterApp;
			productReference = 04D4268B2796B9F2006F6E22 /* PivotControlCenterApp.app */;
			productType = "com.apple.product-type.application";
		};
/* End PBXNativeTarget section */

/* Begin PBXProject section */
		04D426832796B9F2006F6E22 /* Project object */ = {
			isa = PBXProject;
			attributes = {
				BuildIndependentTargetsInParallel = 1;
				LastSwiftUpdateCheck = 1320;
				LastUpgradeCheck = 1320;
				TargetAttributes = {
					04D4268A2796B9F2006F6E22 = {
						CreatedOnToolsVersion = 13.2.1;
					};
				};
			};
			buildConfigurationList = 04D426862796B9F2006F6E22 /* Build configuration list for PBXProject "PivotControlCenterApp" */;
			compatibilityVersion = "Xcode 13.0";
			developmentRegion = en;
			hasScannedForEncodings = 0;
			knownRegions = (
				en,
				Base,
			);
			mainGroup = 04D426822796B9F2006F6E22;
			productRefGroup = 04D4268C2796B9F2006F6E22 /* Products */;
			projectDirPath = "";
			projectRoot = "";
			targets = (
				04D4268A2796B9F2006F6E22 /* PivotControlCenterApp */,
			);
		};
/* End PBXProject section */

/* Begin PBXResourcesBuildPhase section */
		04D426892796B9F2006F6E22 /* Resources */ = {
			isa = PBXResourcesBuildPhase;
			buildActionMask = 2147483647;
			files = (
				04D4269B2796B9F3006F6E22 /* LaunchScreen.storyboard in Resources */,
				04D426982796B9F3006F6E22 /* Assets.xcassets in Resources */,
				045464652796D419000B5F5F /* GoogleService-Info.plist in Resources */,
			);
			runOnlyForDeploymentPostprocessing = 0;
		};
/* End PBXResourcesBuildPhase section */

/* Begin PBXShellScriptBuildPhase section */
		AD109427CE5956EFF941AF2F /* [CP] Check Pods Manifest.lock */ = {
			isa = PBXShellScriptBuildPhase;
			buildActionMask = 2147483647;
			files = (
			);
			inputFileListPaths = (
			);
			inputPaths = (
				"${PODS_PODFILE_DIR_PATH}/Podfile.lock",
				"${PODS_ROOT}/Manifest.lock",
			);
			name = "[CP] Check Pods Manifest.lock";
			outputFileListPaths = (
			);
			outputPaths = (
				"$(DERIVED_FILE_DIR)/Pods-PivotControlCenterApp-checkManifestLockResult.txt",
			);
			runOnlyForDeploymentPostprocessing = 0;
			shellPath = /bin/sh;
			shellScript = "diff \"${PODS_PODFILE_DIR_PATH}/Podfile.lock\" \"${PODS_ROOT}/Manifest.lock\" > /dev/null\nif [ $? != 0 ] ; then\n    # print error to STDERR\n    echo \"error: The sandbox is not in sync with the Podfile.lock. Run 'pod install' or update your CocoaPods installation.\" >&2\n    exit 1\nfi\n# This output is used by Xcode 'outputs' to avoid re-running this script phase.\necho \"SUCCESS\" > \"${SCRIPT_OUTPUT_FILE_0}\"\n";
			showEnvVarsInLog = 0;
		};
		FB304EA6D6E1D9AEF483FC24 /* [CP] Embed Pods Frameworks */ = {
			isa = PBXShellScriptBuildPhase;
			buildActionMask = 2147483647;
			files = (
			);
			inputFileListPaths = (
				"${PODS_ROOT}/Target Support Files/Pods-PivotControlCenterApp/Pods-PivotControlCenterApp-frameworks-${CONFIGURATION}-input-files.xcfilelist",
			);
			name = "[CP] Embed Pods Frameworks";
			outputFileListPaths = (
				"${PODS_ROOT}/Target Support Files/Pods-PivotControlCenterApp/Pods-PivotControlCenterApp-frameworks-${CONFIGURATION}-output-files.xcfilelist",
			);
			runOnlyForDeploymentPostprocessing = 0;
			shellPath = /bin/sh;
			shellScript = "\"${PODS_ROOT}/Target Support Files/Pods-PivotControlCenterApp/Pods-PivotControlCenterApp-frameworks.sh\"\n";
			showEnvVarsInLog = 0;
		};
/* End PBXShellScriptBuildPhase section */

/* Begin PBXSourcesBuildPhase section */
		04D426872796B9F2006F6E22 /* Sources */ = {
			isa = PBXSourcesBuildPhase;
			buildActionMask = 2147483647;
			files = (
				045464682796E390000B5F5F /* SignInViewController.swift in Sources */,
				0454647A2796F792000B5F5F /* NewProjectViewController.swift in Sources */,
				0454646E2796E906000B5F5F /* AuthManager.swift in Sources */,
				045464782796EF38000B5F5F /* ProjectsViewController.swift in Sources */,
				04D426932796B9F2006F6E22 /* HomeViewController.swift in Sources */,
				045464702796E917000B5F5F /* StorageManager.swift in Sources */,
				04D4268F2796B9F2006F6E22 /* AppDelegate.swift in Sources */,
				04D426912796B9F2006F6E22 /* SceneDelegate.swift in Sources */,
				0454646A2796E3A2000B5F5F /* SignUpViewController.swift in Sources */,
				045464722796E925000B5F5F /* FirestoreManager.swift in Sources */,
				045464762796EE31000B5F5F /* TabBarViewController.swift in Sources */,
				045464742796E935000B5F5F /* DatabaseManager.swift in Sources */,
			);
			runOnlyForDeploymentPostprocessing = 0;
		};
/* End PBXSourcesBuildPhase section */

/* Begin PBXVariantGroup section */
		04D426992796B9F3006F6E22 /* LaunchScreen.storyboard */ = {
			isa = PBXVariantGroup;
			children = (
				04D4269A2796B9F3006F6E22 /* Base */,
			);
			name = LaunchScreen.storyboard;
			sourceTree = "<group>";
		};
/* End PBXVariantGroup section */

/* Begin XCBuildConfiguration section */
		04D4269D2796B9F3006F6E22 /* Debug */ = {
			isa = XCBuildConfiguration;
			buildSettings = {
				ALWAYS_SEARCH_USER_PATHS = NO;
				CLANG_ANALYZER_NONNULL = YES;
				CLANG_ANALYZER_NUMBER_OBJECT_CONVERSION = YES_AGGRESSIVE;
				CLANG_CXX_LANGUAGE_STANDARD = "gnu++17";
				CLANG_CXX_LIBRARY = "libc++";
				CLANG_ENABLE_MODULES = YES;
				CLANG_ENABLE_OBJC_ARC = YES;
				CLANG_ENABLE_OBJC_WEAK = YES;
				CLANG_WARN_BLOCK_CAPTURE_AUTORELEASING = YES;
				CLANG_WARN_BOOL_CONVERSION = YES;
				CLANG_WARN_COMMA = YES;
				CLANG_WARN_CONSTANT_CONVERSION = YES;
				CLANG_WARN_DEPRECATED_OBJC_IMPLEMENTATIONS = YES;
				CLANG_WARN_DIRECT_OBJC_ISA_USAGE = YES_ERROR;
				CLANG_WARN_DOCUMENTATION_COMMENTS = YES;
				CLANG_WARN_EMPTY_BODY = YES;
				CLANG_WARN_ENUM_CONVERSION = YES;
				CLANG_WARN_INFINITE_RECURSION = YES;
				CLANG_WARN_INT_CONVERSION = YES;
				CLANG_WARN_NON_LITERAL_NULL_CONVERSION = YES;
				CLANG_WARN_OBJC_IMPLICIT_RETAIN_SELF = YES;
				CLANG_WARN_OBJC_LITERAL_CONVERSION = YES;
				CLANG_WARN_OBJC_ROOT_CLASS = YES_ERROR;
				CLANG_WARN_QUOTED_INCLUDE_IN_FRAMEWORK_HEADER = YES;
				CLANG_WARN_RANGE_LOOP_ANALYSIS = YES;
				CLANG_WARN_STRICT_PROTOTYPES = YES;
				CLANG_WARN_SUSPICIOUS_MOVE = YES;
				CLANG_WARN_UNGUARDED_AVAILABILITY = YES_AGGRESSIVE;
				CLANG_WARN_UNREACHABLE_CODE = YES;
				CLANG_WARN__DUPLICATE_METHOD_MATCH = YES;
				COPY_PHASE_STRIP = NO;
				DEBUG_INFORMATION_FORMAT = dwarf;
				ENABLE_STRICT_OBJC_MSGSEND = YES;
				ENABLE_TESTABILITY = YES;
				GCC_C_LANGUAGE_STANDARD = gnu11;
				GCC_DYNAMIC_NO_PIC = NO;
				GCC_NO_COMMON_BLOCKS = YES;
				GCC_OPTIMIZATION_LEVEL = 0;
				GCC_PREPROCESSOR_DEFINITIONS = (
					"DEBUG=1",
					"$(inherited)",
				);
				GCC_WARN_64_TO_32_BIT_CONVERSION = YES;
				GCC_WARN_ABOUT_RETURN_TYPE = YES_ERROR;
				GCC_WARN_UNDECLARED_SELECTOR = YES;
				GCC_WARN_UNINITIALIZED_AUTOS = YES_AGGRESSIVE;
				GCC_WARN_UNUSED_FUNCTION = YES;
				GCC_WARN_UNUSED_VARIABLE = YES;
				IPHONEOS_DEPLOYMENT_TARGET = 15.2;
				MTL_ENABLE_DEBUG_INFO = INCLUDE_SOURCE;
				MTL_FAST_MATH = YES;
				ONLY_ACTIVE_ARCH = YES;
				SDKROOT = iphoneos;
				SWIFT_ACTIVE_COMPILATION_CONDITIONS = DEBUG;
				SWIFT_OPTIMIZATION_LEVEL = "-Onone";
			};
			name = Debug;
		};
		04D4269E2796B9F3006F6E22 /* Release */ = {
			isa = XCBuildConfiguration;
			buildSettings = {
				ALWAYS_SEARCH_USER_PATHS = NO;
				CLANG_ANALYZER_NONNULL = YES;
				CLANG_ANALYZER_NUMBER_OBJECT_CONVERSION = YES_AGGRESSIVE;
				CLANG_CXX_LANGUAGE_STANDARD = "gnu++17";
				CLANG_CXX_LIBRARY = "libc++";
				CLANG_ENABLE_MODULES = YES;
				CLANG_ENABLE_OBJC_ARC = YES;
				CLANG_ENABLE_OBJC_WEAK = YES;
				CLANG_WARN_BLOCK_CAPTURE_AUTORELEASING = YES;
				CLANG_WARN_BOOL_CONVERSION = YES;
				CLANG_WARN_COMMA = YES;
				CLANG_WARN_CONSTANT_CONVERSION = YES;
				CLANG_WARN_DEPRECATED_OBJC_IMPLEMENTATIONS = YES;
				CLANG_WARN_DIRECT_OBJC_ISA_USAGE = YES_ERROR;
				CLANG_WARN_DOCUMENTATION_COMMENTS = YES;
				CLANG_WARN_EMPTY_BODY = YES;
				CLANG_WARN_ENUM_CONVERSION = YES;
				CLANG_WARN_INFINITE_RECURSION = YES;
				CLANG_WARN_INT_CONVERSION = YES;
				CLANG_WARN_NON_LITERAL_NULL_CONVERSION = YES;
				CLANG_WARN_OBJC_IMPLICIT_RETAIN_SELF = YES;
				CLANG_WARN_OBJC_LITERAL_CONVERSION = YES;
				CLANG_WARN_OBJC_ROOT_CLASS = YES_ERROR;
				CLANG_WARN_QUOTED_INCLUDE_IN_FRAMEWORK_HEADER = YES;
				CLANG_WARN_RANGE_LOOP_ANALYSIS = YES;
				CLANG_WARN_STRICT_PROTOTYPES = YES;
				CLANG_WARN_SUSPICIOUS_MOVE = YES;
				CLANG_WARN_UNGUARDED_AVAILABILITY = YES_AGGRESSIVE;
				CLANG_WARN_UNREACHABLE_CODE = YES;
				CLANG_WARN__DUPLICATE_METHOD_MATCH = YES;
				COPY_PHASE_STRIP = NO;
				DEBUG_INFORMATION_FORMAT = "dwarf-with-dsym";
				ENABLE_NS_ASSERTIONS = NO;
				ENABLE_STRICT_OBJC_MSGSEND = YES;
				GCC_C_LANGUAGE_STANDARD = gnu11;
				GCC_NO_COMMON_BLOCKS = YES;
				GCC_WARN_64_TO_32_BIT_CONVERSION = YES;
				GCC_WARN_ABOUT_RETURN_TYPE = YES_ERROR;
				GCC_WARN_UNDECLARED_SELECTOR = YES;
				GCC_WARN_UNINITIALIZED_AUTOS = YES_AGGRESSIVE;
				GCC_WARN_UNUSED_FUNCTION = YES;
				GCC_WARN_UNUSED_VARIABLE = YES;
				IPHONEOS_DEPLOYMENT_TARGET = 15.2;
				MTL_ENABLE_DEBUG_INFO = NO;
				MTL_FAST_MATH = YES;
				SDKROOT = iphoneos;
				SWIFT_COMPILATION_MODE = wholemodule;
				SWIFT_OPTIMIZATION_LEVEL = "-O";
				VALIDATE_PRODUCT = YES;
			};
			name = Release;
		};
		04D426A02796B9F3006F6E22 /* Debug */ = {
			isa = XCBuildConfiguration;
			baseConfigurationReference = 12983CF9DA5FC51E9701E8E6 /* Pods-PivotControlCenterApp.debug.xcconfig */;
			buildSettings = {
				ASSETCATALOG_COMPILER_APPICON_NAME = AppIcon;
				ASSETCATALOG_COMPILER_GLOBAL_ACCENT_COLOR_NAME = AccentColor;
				CODE_SIGN_IDENTITY = "Apple Development";
				CODE_SIGN_STYLE = Automatic;
				CURRENT_PROJECT_VERSION = 1;
				DEVELOPMENT_TEAM = XHDAA27FF6;
				GENERATE_INFOPLIST_FILE = YES;
				INFOPLIST_FILE = PivotControlCenterApp/Resources/Info.plist;
				INFOPLIST_KEY_CFBundleDisplayName = PCC;
				INFOPLIST_KEY_UIApplicationSupportsIndirectInputEvents = YES;
				INFOPLIST_KEY_UILaunchStoryboardName = LaunchScreen;
				INFOPLIST_KEY_UISupportedInterfaceOrientations_iPad = "UIInterfaceOrientationPortrait UIInterfaceOrientationPortraitUpsideDown UIInterfaceOrientationLandscapeLeft UIInterfaceOrientationLandscapeRight";
				INFOPLIST_KEY_UISupportedInterfaceOrientations_iPhone = "UIInterfaceOrientationPortrait UIInterfaceOrientationLandscapeLeft UIInterfaceOrientationLandscapeRight";
				IPHONEOS_DEPLOYMENT_TARGET = 14.5;
				LD_RUNPATH_SEARCH_PATHS = (
					"$(inherited)",
					"@executable_path/Frameworks",
				);
				MARKETING_VERSION = 1.0;
				PRODUCT_BUNDLE_IDENTIFIER = com.stefandojcinovic.PivotControlCenterApp;
				PRODUCT_NAME = "$(TARGET_NAME)";
				PROVISIONING_PROFILE_SPECIFIER = "";
				SWIFT_EMIT_LOC_STRINGS = YES;
				SWIFT_VERSION = 5.0;
				TARGETED_DEVICE_FAMILY = 1;
			};
			name = Debug;
		};
		04D426A12796B9F3006F6E22 /* Release */ = {
			isa = XCBuildConfiguration;
			baseConfigurationReference = E9D1BF16835BA07B81188CAC /* Pods-PivotControlCenterApp.release.xcconfig */;
			buildSettings = {
				ASSETCATALOG_COMPILER_APPICON_NAME = AppIcon;
				ASSETCATALOG_COMPILER_GLOBAL_ACCENT_COLOR_NAME = AccentColor;
				CODE_SIGN_IDENTITY = "Apple Development";
				CODE_SIGN_STYLE = Automatic;
				CURRENT_PROJECT_VERSION = 1;
				DEVELOPMENT_TEAM = XHDAA27FF6;
				GENERATE_INFOPLIST_FILE = YES;
				INFOPLIST_FILE = PivotControlCenterApp/Resources/Info.plist;
				INFOPLIST_KEY_CFBundleDisplayName = PCC;
				INFOPLIST_KEY_UIApplicationSupportsIndirectInputEvents = YES;
				INFOPLIST_KEY_UILaunchStoryboardName = LaunchScreen;
				INFOPLIST_KEY_UISupportedInterfaceOrientations_iPad = "UIInterfaceOrientationPortrait UIInterfaceOrientationPortraitUpsideDown UIInterfaceOrientationLandscapeLeft UIInterfaceOrientationLandscapeRight";
				INFOPLIST_KEY_UISupportedInterfaceOrientations_iPhone = "UIInterfaceOrientationPortrait UIInterfaceOrientationLandscapeLeft UIInterfaceOrientationLandscapeRight";
				IPHONEOS_DEPLOYMENT_TARGET = 14.5;
				LD_RUNPATH_SEARCH_PATHS = (
					"$(inherited)",
					"@executable_path/Frameworks",
				);
				MARKETING_VERSION = 1.0;
				PRODUCT_BUNDLE_IDENTIFIER = com.stefandojcinovic.PivotControlCenterApp;
				PRODUCT_NAME = "$(TARGET_NAME)";
				PROVISIONING_PROFILE_SPECIFIER = "";
				SWIFT_EMIT_LOC_STRINGS = YES;
				SWIFT_VERSION = 5.0;
				TARGETED_DEVICE_FAMILY = 1;
			};
			name = Release;
		};
/* End XCBuildConfiguration section */

/* Begin XCConfigurationList section */
		04D426862796B9F2006F6E22 /* Build configuration list for PBXProject "PivotControlCenterApp" */ = {
			isa = XCConfigurationList;
			buildConfigurations = (
				04D4269D2796B9F3006F6E22 /* Debug */,
				04D4269E2796B9F3006F6E22 /* Release */,
			);
			defaultConfigurationIsVisible = 0;
			defaultConfigurationName = Release;
		};
		04D4269F2796B9F3006F6E22 /* Build configuration list for PBXNativeTarget "PivotControlCenterApp" */ = {
			isa = XCConfigurationList;
			buildConfigurations = (
				04D426A02796B9F3006F6E22 /* Debug */,
				04D426A12796B9F3006F6E22 /* Release */,
			);
			defaultConfigurationIsVisible = 0;
			defaultConfigurationName = Release;
		};
/* End XCConfigurationList section */
	};
	rootObject = 04D426832796B9F2006F6E22 /* Project object */;
}
